// !$*UTF8*$!
{
	archiveVersion = 1;
	classes = {
	};
	objectVersion = 56;
	objects = {

/* Begin PBXBuildFile section */
		9536CB042BD6EF130023D726 /* MultiNavApp.swift in Sources */ = {isa = PBXBuildFile; fileRef = 9536CB032BD6EF120023D726 /* MultiNavApp.swift */; };
		9536CB062BD6EF130023D726 /* MainTabView.swift in Sources */ = {isa = PBXBuildFile; fileRef = 9536CB052BD6EF130023D726 /* MainTabView.swift */; };
		9536CB082BD6EF170023D726 /* Assets.xcassets in Resources */ = {isa = PBXBuildFile; fileRef = 9536CB072BD6EF170023D726 /* Assets.xcassets */; };
		9536CB0B2BD6EF170023D726 /* Preview Assets.xcassets in Resources */ = {isa = PBXBuildFile; fileRef = 9536CB0A2BD6EF170023D726 /* Preview Assets.xcassets */; };
		9536CB152BD6EF180023D726 /* MultiNavTests.swift in Sources */ = {isa = PBXBuildFile; fileRef = 9536CB142BD6EF180023D726 /* MultiNavTests.swift */; };
		9536CB1F2BD6EF180023D726 /* MultiNavUITests.swift in Sources */ = {isa = PBXBuildFile; fileRef = 9536CB1E2BD6EF180023D726 /* MultiNavUITests.swift */; };
		9536CB212BD6EF180023D726 /* MultiNavUITestsLaunchTests.swift in Sources */ = {isa = PBXBuildFile; fileRef = 9536CB202BD6EF180023D726 /* MultiNavUITestsLaunchTests.swift */; };
		9536CB2F2BD6EF8A0023D726 /* NavigationCoordinator.swift in Sources */ = {isa = PBXBuildFile; fileRef = 9536CB2E2BD6EF8A0023D726 /* NavigationCoordinator.swift */; };
		9536CB312BD6EFC40023D726 /* Tab1Screens.swift in Sources */ = {isa = PBXBuildFile; fileRef = 9536CB302BD6EFC30023D726 /* Tab1Screens.swift */; };
		9536CB372BD6F3A60023D726 /* ScreenAView.swift in Sources */ = {isa = PBXBuildFile; fileRef = 9536CB362BD6F3A60023D726 /* ScreenAView.swift */; };
		9536CB392BD6F3DE0023D726 /* ScreenAViewModel.swift in Sources */ = {isa = PBXBuildFile; fileRef = 9536CB382BD6F3DE0023D726 /* ScreenAViewModel.swift */; };
		9536CB3B2BD6F4DE0023D726 /* ScreenBView.swift in Sources */ = {isa = PBXBuildFile; fileRef = 9536CB3A2BD6F4DE0023D726 /* ScreenBView.swift */; };
		9536CB3D2BD6F52E0023D726 /* ScreenCView.swift in Sources */ = {isa = PBXBuildFile; fileRef = 9536CB3C2BD6F52E0023D726 /* ScreenCView.swift */; };
		9536CB3F2BD6F55A0023D726 /* ScreenBViewModel.swift in Sources */ = {isa = PBXBuildFile; fileRef = 9536CB3E2BD6F55A0023D726 /* ScreenBViewModel.swift */; };
		9536CB412BD6F58C0023D726 /* ScreenCViewModel.swift in Sources */ = {isa = PBXBuildFile; fileRef = 9536CB402BD6F58C0023D726 /* ScreenCViewModel.swift */; };
		9536CB432BD7007C0023D726 /* MainTabViewModel.swift in Sources */ = {isa = PBXBuildFile; fileRef = 9536CB422BD7007C0023D726 /* MainTabViewModel.swift */; };
		955E6C332BD7F41D00BEE9EE /* PurchaseOptionsView.swift in Sources */ = {isa = PBXBuildFile; fileRef = 955E6C322BD7F41D00BEE9EE /* PurchaseOptionsView.swift */; };
		955E6C352BD7F4CF00BEE9EE /* Tab2Screens.swift in Sources */ = {isa = PBXBuildFile; fileRef = 955E6C342BD7F4CF00BEE9EE /* Tab2Screens.swift */; };
		955E6C372BD7F6EE00BEE9EE /* PurchaseOptionDetailViewModel.swift in Sources */ = {isa = PBXBuildFile; fileRef = 955E6C362BD7F6EE00BEE9EE /* PurchaseOptionDetailViewModel.swift */; };
		955E6C392BD7F8D900BEE9EE /* PurchaseOptionDetailView.swift in Sources */ = {isa = PBXBuildFile; fileRef = 955E6C382BD7F8D900BEE9EE /* PurchaseOptionDetailView.swift */; };
		955E6C3B2BD7F92100BEE9EE /* PurchaseOptionConfirmationView.swift in Sources */ = {isa = PBXBuildFile; fileRef = 955E6C3A2BD7F92100BEE9EE /* PurchaseOptionConfirmationView.swift */; };
		955E6C3D2BD8034800BEE9EE /* Globals.swift in Sources */ = {isa = PBXBuildFile; fileRef = 955E6C3C2BD8034800BEE9EE /* Globals.swift */; };
		95F6944D2C13408900F24E3F /* ScreenXView.swift in Sources */ = {isa = PBXBuildFile; fileRef = 95F6944C2C13408800F24E3F /* ScreenXView.swift */; };
		95F6944F2C13411700F24E3F /* ScreenXViewModel.swift in Sources */ = {isa = PBXBuildFile; fileRef = 95F6944E2C13411700F24E3F /* ScreenXViewModel.swift */; };
/* End PBXBuildFile section */

/* Begin PBXContainerItemProxy section */
		9536CB112BD6EF180023D726 /* PBXContainerItemProxy */ = {
			isa = PBXContainerItemProxy;
			containerPortal = 9536CAF82BD6EF120023D726 /* Project object */;
			proxyType = 1;
			remoteGlobalIDString = 9536CAFF2BD6EF120023D726;
			remoteInfo = MultiNav;
		};
		9536CB1B2BD6EF180023D726 /* PBXContainerItemProxy */ = {
			isa = PBXContainerItemProxy;
			containerPortal = 9536CAF82BD6EF120023D726 /* Project object */;
			proxyType = 1;
			remoteGlobalIDString = 9536CAFF2BD6EF120023D726;
			remoteInfo = MultiNav;
		};
/* End PBXContainerItemProxy section */

/* Begin PBXFileReference section */
		9536CB002BD6EF120023D726 /* MultiNav.app */ = {isa = PBXFileReference; explicitFileType = wrapper.application; includeInIndex = 0; path = MultiNav.app; sourceTree = BUILT_PRODUCTS_DIR; };
		9536CB032BD6EF120023D726 /* MultiNavApp.swift */ = {isa = PBXFileReference; lastKnownFileType = sourcecode.swift; path = MultiNavApp.swift; sourceTree = "<group>"; };
		9536CB052BD6EF130023D726 /* MainTabView.swift */ = {isa = PBXFileReference; lastKnownFileType = sourcecode.swift; path = MainTabView.swift; sourceTree = "<group>"; };
		9536CB072BD6EF170023D726 /* Assets.xcassets */ = {isa = PBXFileReference; lastKnownFileType = folder.assetcatalog; path = Assets.xcassets; sourceTree = "<group>"; };
		9536CB0A2BD6EF170023D726 /* Preview Assets.xcassets */ = {isa = PBXFileReference; lastKnownFileType = folder.assetcatalog; path = "Preview Assets.xcassets"; sourceTree = "<group>"; };
		9536CB102BD6EF180023D726 /* MultiNavTests.xctest */ = {isa = PBXFileReference; explicitFileType = wrapper.cfbundle; includeInIndex = 0; path = MultiNavTests.xctest; sourceTree = BUILT_PRODUCTS_DIR; };
		9536CB142BD6EF180023D726 /* MultiNavTests.swift */ = {isa = PBXFileReference; lastKnownFileType = sourcecode.swift; path = MultiNavTests.swift; sourceTree = "<group>"; };
		9536CB1A2BD6EF180023D726 /* MultiNavUITests.xctest */ = {isa = PBXFileReference; explicitFileType = wrapper.cfbundle; includeInIndex = 0; path = MultiNavUITests.xctest; sourceTree = BUILT_PRODUCTS_DIR; };
		9536CB1E2BD6EF180023D726 /* MultiNavUITests.swift */ = {isa = PBXFileReference; lastKnownFileType = sourcecode.swift; path = MultiNavUITests.swift; sourceTree = "<group>"; };
		9536CB202BD6EF180023D726 /* MultiNavUITestsLaunchTests.swift */ = {isa = PBXFileReference; lastKnownFileType = sourcecode.swift; path = MultiNavUITestsLaunchTests.swift; sourceTree = "<group>"; };
		9536CB2E2BD6EF8A0023D726 /* NavigationCoordinator.swift */ = {isa = PBXFileReference; fileEncoding = 4; lastKnownFileType = sourcecode.swift; path = NavigationCoordinator.swift; sourceTree = "<group>"; };
		9536CB302BD6EFC30023D726 /* Tab1Screens.swift */ = {isa = PBXFileReference; fileEncoding = 4; lastKnownFileType = sourcecode.swift; path = Tab1Screens.swift; sourceTree = "<group>"; };
		9536CB362BD6F3A60023D726 /* ScreenAView.swift */ = {isa = PBXFileReference; lastKnownFileType = sourcecode.swift; path = ScreenAView.swift; sourceTree = "<group>"; };
		9536CB382BD6F3DE0023D726 /* ScreenAViewModel.swift */ = {isa = PBXFileReference; lastKnownFileType = sourcecode.swift; path = ScreenAViewModel.swift; sourceTree = "<group>"; };
		9536CB3A2BD6F4DE0023D726 /* ScreenBView.swift */ = {isa = PBXFileReference; lastKnownFileType = sourcecode.swift; path = ScreenBView.swift; sourceTree = "<group>"; };
		9536CB3C2BD6F52E0023D726 /* ScreenCView.swift */ = {isa = PBXFileReference; lastKnownFileType = sourcecode.swift; path = ScreenCView.swift; sourceTree = "<group>"; };
		9536CB3E2BD6F55A0023D726 /* ScreenBViewModel.swift */ = {isa = PBXFileReference; lastKnownFileType = sourcecode.swift; path = ScreenBViewModel.swift; sourceTree = "<group>"; };
		9536CB402BD6F58C0023D726 /* ScreenCViewModel.swift */ = {isa = PBXFileReference; lastKnownFileType = sourcecode.swift; path = ScreenCViewModel.swift; sourceTree = "<group>"; };
		9536CB422BD7007C0023D726 /* MainTabViewModel.swift */ = {isa = PBXFileReference; lastKnownFileType = sourcecode.swift; path = MainTabViewModel.swift; sourceTree = "<group>"; };
		955E6C322BD7F41D00BEE9EE /* PurchaseOptionsView.swift */ = {isa = PBXFileReference; lastKnownFileType = sourcecode.swift; path = PurchaseOptionsView.swift; sourceTree = "<group>"; };
		955E6C342BD7F4CF00BEE9EE /* Tab2Screens.swift */ = {isa = PBXFileReference; lastKnownFileType = sourcecode.swift; path = Tab2Screens.swift; sourceTree = "<group>"; };
		955E6C362BD7F6EE00BEE9EE /* PurchaseOptionDetailViewModel.swift */ = {isa = PBXFileReference; lastKnownFileType = sourcecode.swift; path = PurchaseOptionDetailViewModel.swift; sourceTree = "<group>"; };
		955E6C382BD7F8D900BEE9EE /* PurchaseOptionDetailView.swift */ = {isa = PBXFileReference; lastKnownFileType = sourcecode.swift; path = PurchaseOptionDetailView.swift; sourceTree = "<group>"; };
		955E6C3A2BD7F92100BEE9EE /* PurchaseOptionConfirmationView.swift */ = {isa = PBXFileReference; lastKnownFileType = sourcecode.swift; path = PurchaseOptionConfirmationView.swift; sourceTree = "<group>"; };
		955E6C3C2BD8034800BEE9EE /* Globals.swift */ = {isa = PBXFileReference; lastKnownFileType = sourcecode.swift; path = Globals.swift; sourceTree = "<group>"; };
		95F6944C2C13408800F24E3F /* ScreenXView.swift */ = {isa = PBXFileReference; lastKnownFileType = sourcecode.swift; path = ScreenXView.swift; sourceTree = "<group>"; };
		95F6944E2C13411700F24E3F /* ScreenXViewModel.swift */ = {isa = PBXFileReference; lastKnownFileType = sourcecode.swift; path = ScreenXViewModel.swift; sourceTree = "<group>"; };
/* End PBXFileReference section */

/* Begin PBXFrameworksBuildPhase section */
		9536CAFD2BD6EF120023D726 /* Frameworks */ = {
			isa = PBXFrameworksBuildPhase;
			buildActionMask = 2147483647;
			files = (
			);
			runOnlyForDeploymentPostprocessing = 0;
		};
		9536CB0D2BD6EF180023D726 /* Frameworks */ = {
			isa = PBXFrameworksBuildPhase;
			buildActionMask = 2147483647;
			files = (
			);
			runOnlyForDeploymentPostprocessing = 0;
		};
		9536CB172BD6EF180023D726 /* Frameworks */ = {
			isa = PBXFrameworksBuildPhase;
			buildActionMask = 2147483647;
			files = (
			);
			runOnlyForDeploymentPostprocessing = 0;
		};
/* End PBXFrameworksBuildPhase section */

/* Begin PBXGroup section */
		952354312BD9984200651BED /* AllTabs */ = {
			isa = PBXGroup;
			children = (
				952354332BD9987C00651BED /* View */,
				952354322BD9987200651BED /* ViewModel */,
			);
			path = AllTabs;
			sourceTree = "<group>";
		};
		952354322BD9987200651BED /* ViewModel */ = {
			isa = PBXGroup;
			children = (
				9536CB3E2BD6F55A0023D726 /* ScreenBViewModel.swift */,
				9536CB402BD6F58C0023D726 /* ScreenCViewModel.swift */,
				95F6944E2C13411700F24E3F /* ScreenXViewModel.swift */,
			);
			path = ViewModel;
			sourceTree = "<group>";
		};
		952354332BD9987C00651BED /* View */ = {
			isa = PBXGroup;
			children = (
				9536CB3A2BD6F4DE0023D726 /* ScreenBView.swift */,
				9536CB3C2BD6F52E0023D726 /* ScreenCView.swift */,
				95F6944C2C13408800F24E3F /* ScreenXView.swift */,
			);
			path = View;
			sourceTree = "<group>";
		};
		9536CAF72BD6EF120023D726 = {
			isa = PBXGroup;
			children = (
				9536CB022BD6EF120023D726 /* MultiNav */,
				9536CB132BD6EF180023D726 /* MultiNavTests */,
				9536CB1D2BD6EF180023D726 /* MultiNavUITests */,
				9536CB012BD6EF120023D726 /* Products */,
			);
			sourceTree = "<group>";
		};
		9536CB012BD6EF120023D726 /* Products */ = {
			isa = PBXGroup;
			children = (
				9536CB002BD6EF120023D726 /* MultiNav.app */,
				9536CB102BD6EF180023D726 /* MultiNavTests.xctest */,
				9536CB1A2BD6EF180023D726 /* MultiNavUITests.xctest */,
			);
			name = Products;
			sourceTree = "<group>";
		};
		9536CB022BD6EF120023D726 /* MultiNav */ = {
			isa = PBXGroup;
			children = (
				9536CB032BD6EF120023D726 /* MultiNavApp.swift */,
				9536CB052BD6EF130023D726 /* MainTabView.swift */,
				9536CB422BD7007C0023D726 /* MainTabViewModel.swift */,
				952354312BD9984200651BED /* AllTabs */,
				9536CB322BD6F3190023D726 /* Tab1 */,
				9536CB332BD6F3270023D726 /* Tab2 */,
				9536CB2D2BD6EF460023D726 /* Utility */,
				9536CB072BD6EF170023D726 /* Assets.xcassets */,
				9536CB092BD6EF170023D726 /* Preview Content */,
			);
			path = MultiNav;
			sourceTree = "<group>";
		};
		9536CB092BD6EF170023D726 /* Preview Content */ = {
			isa = PBXGroup;
			children = (
				9536CB0A2BD6EF170023D726 /* Preview Assets.xcassets */,
			);
			path = "Preview Content";
			sourceTree = "<group>";
		};
		9536CB132BD6EF180023D726 /* MultiNavTests */ = {
			isa = PBXGroup;
			children = (
				9536CB142BD6EF180023D726 /* MultiNavTests.swift */,
			);
			path = MultiNavTests;
			sourceTree = "<group>";
		};
		9536CB1D2BD6EF180023D726 /* MultiNavUITests */ = {
			isa = PBXGroup;
			children = (
				9536CB1E2BD6EF180023D726 /* MultiNavUITests.swift */,
				9536CB202BD6EF180023D726 /* MultiNavUITestsLaunchTests.swift */,
			);
			path = MultiNavUITests;
			sourceTree = "<group>";
		};
		9536CB2D2BD6EF460023D726 /* Utility */ = {
			isa = PBXGroup;
			children = (
				955E6C3C2BD8034800BEE9EE /* Globals.swift */,
				9536CB2E2BD6EF8A0023D726 /* NavigationCoordinator.swift */,
			);
			path = Utility;
			sourceTree = "<group>";
		};
		9536CB322BD6F3190023D726 /* Tab1 */ = {
			isa = PBXGroup;
			children = (
				9536CB302BD6EFC30023D726 /* Tab1Screens.swift */,
				9536CB342BD6F3690023D726 /* View */,
				9536CB352BD6F3740023D726 /* ViewModel */,
			);
			path = Tab1;
			sourceTree = "<group>";
		};
		9536CB332BD6F3270023D726 /* Tab2 */ = {
			isa = PBXGroup;
			children = (
				955E6C342BD7F4CF00BEE9EE /* Tab2Screens.swift */,
				955E6C312BD7F34F00BEE9EE /* View */,
				955E6C302BD7F34600BEE9EE /* ViewModel */,
			);
			path = Tab2;
			sourceTree = "<group>";
		};
		9536CB342BD6F3690023D726 /* View */ = {
			isa = PBXGroup;
			children = (
				9536CB362BD6F3A60023D726 /* ScreenAView.swift */,
			);
			path = View;
			sourceTree = "<group>";
		};
		9536CB352BD6F3740023D726 /* ViewModel */ = {
			isa = PBXGroup;
			children = (
				9536CB382BD6F3DE0023D726 /* ScreenAViewModel.swift */,
			);
			path = ViewModel;
			sourceTree = "<group>";
		};
		955E6C302BD7F34600BEE9EE /* ViewModel */ = {
			isa = PBXGroup;
			children = (
				955E6C362BD7F6EE00BEE9EE /* PurchaseOptionDetailViewModel.swift */,
			);
			path = ViewModel;
			sourceTree = "<group>";
		};
		955E6C312BD7F34F00BEE9EE /* View */ = {
			isa = PBXGroup;
			children = (
				955E6C322BD7F41D00BEE9EE /* PurchaseOptionsView.swift */,
				955E6C382BD7F8D900BEE9EE /* PurchaseOptionDetailView.swift */,
				955E6C3A2BD7F92100BEE9EE /* PurchaseOptionConfirmationView.swift */,
			);
			path = View;
			sourceTree = "<group>";
		};
/* End PBXGroup section */

/* Begin PBXNativeTarget section */
		9536CAFF2BD6EF120023D726 /* MultiNav */ = {
			isa = PBXNativeTarget;
			buildConfigurationList = 9536CB242BD6EF180023D726 /* Build configuration list for PBXNativeTarget "MultiNav" */;
			buildPhases = (
				9536CAFC2BD6EF120023D726 /* Sources */,
				9536CAFD2BD6EF120023D726 /* Frameworks */,
				9536CAFE2BD6EF120023D726 /* Resources */,
			);
			buildRules = (
			);
			dependencies = (
			);
			name = MultiNav;
			productName = MultiNav;
			productReference = 9536CB002BD6EF120023D726 /* MultiNav.app */;
			productType = "com.apple.product-type.application";
		};
		9536CB0F2BD6EF180023D726 /* MultiNavTests */ = {
			isa = PBXNativeTarget;
			buildConfigurationList = 9536CB272BD6EF180023D726 /* Build configuration list for PBXNativeTarget "MultiNavTests" */;
			buildPhases = (
				9536CB0C2BD6EF180023D726 /* Sources */,
				9536CB0D2BD6EF180023D726 /* Frameworks */,
				9536CB0E2BD6EF180023D726 /* Resources */,
			);
			buildRules = (
			);
			dependencies = (
				9536CB122BD6EF180023D726 /* PBXTargetDependency */,
			);
			name = MultiNavTests;
			productName = MultiNavTests;
			productReference = 9536CB102BD6EF180023D726 /* MultiNavTests.xctest */;
			productType = "com.apple.product-type.bundle.unit-test";
		};
		9536CB192BD6EF180023D726 /* MultiNavUITests */ = {
			isa = PBXNativeTarget;
			buildConfigurationList = 9536CB2A2BD6EF180023D726 /* Build configuration list for PBXNativeTarget "MultiNavUITests" */;
			buildPhases = (
				9536CB162BD6EF180023D726 /* Sources */,
				9536CB172BD6EF180023D726 /* Frameworks */,
				9536CB182BD6EF180023D726 /* Resources */,
			);
			buildRules = (
			);
			dependencies = (
				9536CB1C2BD6EF180023D726 /* PBXTargetDependency */,
			);
			name = MultiNavUITests;
			productName = MultiNavUITests;
			productReference = 9536CB1A2BD6EF180023D726 /* MultiNavUITests.xctest */;
			productType = "com.apple.product-type.bundle.ui-testing";
		};
/* End PBXNativeTarget section */

/* Begin PBXProject section */
		9536CAF82BD6EF120023D726 /* Project object */ = {
			isa = PBXProject;
			attributes = {
				BuildIndependentTargetsInParallel = 1;
				LastSwiftUpdateCheck = 1530;
				LastUpgradeCheck = 1530;
				TargetAttributes = {
					9536CAFF2BD6EF120023D726 = {
						CreatedOnToolsVersion = 15.3;
					};
					9536CB0F2BD6EF180023D726 = {
						CreatedOnToolsVersion = 15.3;
						TestTargetID = 9536CAFF2BD6EF120023D726;
					};
					9536CB192BD6EF180023D726 = {
						CreatedOnToolsVersion = 15.3;
						TestTargetID = 9536CAFF2BD6EF120023D726;
					};
				};
			};
			buildConfigurationList = 9536CAFB2BD6EF120023D726 /* Build configuration list for PBXProject "MultiNav" */;
			compatibilityVersion = "Xcode 14.0";
			developmentRegion = en;
			hasScannedForEncodings = 0;
			knownRegions = (
				en,
				Base,
			);
			mainGroup = 9536CAF72BD6EF120023D726;
			productRefGroup = 9536CB012BD6EF120023D726 /* Products */;
			projectDirPath = "";
			projectRoot = "";
			targets = (
				9536CAFF2BD6EF120023D726 /* MultiNav */,
				9536CB0F2BD6EF180023D726 /* MultiNavTests */,
				9536CB192BD6EF180023D726 /* MultiNavUITests */,
			);
		};
/* End PBXProject section */

/* Begin PBXResourcesBuildPhase section */
		9536CAFE2BD6EF120023D726 /* Resources */ = {
			isa = PBXResourcesBuildPhase;
			buildActionMask = 2147483647;
			files = (
				9536CB0B2BD6EF170023D726 /* Preview Assets.xcassets in Resources */,
				9536CB082BD6EF170023D726 /* Assets.xcassets in Resources */,
			);
			runOnlyForDeploymentPostprocessing = 0;
		};
		9536CB0E2BD6EF180023D726 /* Resources */ = {
			isa = PBXResourcesBuildPhase;
			buildActionMask = 2147483647;
			files = (
			);
			runOnlyForDeploymentPostprocessing = 0;
		};
		9536CB182BD6EF180023D726 /* Resources */ = {
			isa = PBXResourcesBuildPhase;
			buildActionMask = 2147483647;
			files = (
			);
			runOnlyForDeploymentPostprocessing = 0;
		};
/* End PBXResourcesBuildPhase section */

/* Begin PBXSourcesBuildPhase section */
		9536CAFC2BD6EF120023D726 /* Sources */ = {
			isa = PBXSourcesBuildPhase;
			buildActionMask = 2147483647;
			files = (
				9536CB3B2BD6F4DE0023D726 /* ScreenBView.swift in Sources */,
				9536CB372BD6F3A60023D726 /* ScreenAView.swift in Sources */,
				9536CB062BD6EF130023D726 /* MainTabView.swift in Sources */,
				9536CB392BD6F3DE0023D726 /* ScreenAViewModel.swift in Sources */,
				955E6C3D2BD8034800BEE9EE /* Globals.swift in Sources */,
				955E6C332BD7F41D00BEE9EE /* PurchaseOptionsView.swift in Sources */,
				9536CB312BD6EFC40023D726 /* Tab1Screens.swift in Sources */,
				95F6944D2C13408900F24E3F /* ScreenXView.swift in Sources */,
				9536CB3F2BD6F55A0023D726 /* ScreenBViewModel.swift in Sources */,
				955E6C3B2BD7F92100BEE9EE /* PurchaseOptionConfirmationView.swift in Sources */,
				9536CB412BD6F58C0023D726 /* ScreenCViewModel.swift in Sources */,
				95F6944F2C13411700F24E3F /* ScreenXViewModel.swift in Sources */,
				9536CB2F2BD6EF8A0023D726 /* NavigationCoordinator.swift in Sources */,
				955E6C352BD7F4CF00BEE9EE /* Tab2Screens.swift in Sources */,
				9536CB3D2BD6F52E0023D726 /* ScreenCView.swift in Sources */,
				955E6C372BD7F6EE00BEE9EE /* PurchaseOptionDetailViewModel.swift in Sources */,
				9536CB042BD6EF130023D726 /* MultiNavApp.swift in Sources */,
				955E6C392BD7F8D900BEE9EE /* PurchaseOptionDetailView.swift in Sources */,
				9536CB432BD7007C0023D726 /* MainTabViewModel.swift in Sources */,
			);
			runOnlyForDeploymentPostprocessing = 0;
		};
		9536CB0C2BD6EF180023D726 /* Sources */ = {
			isa = PBXSourcesBuildPhase;
			buildActionMask = 2147483647;
			files = (
				9536CB152BD6EF180023D726 /* MultiNavTests.swift in Sources */,
			);
			runOnlyForDeploymentPostprocessing = 0;
		};
		9536CB162BD6EF180023D726 /* Sources */ = {
			isa = PBXSourcesBuildPhase;
			buildActionMask = 2147483647;
			files = (
				9536CB212BD6EF180023D726 /* MultiNavUITestsLaunchTests.swift in Sources */,
				9536CB1F2BD6EF180023D726 /* MultiNavUITests.swift in Sources */,
			);
			runOnlyForDeploymentPostprocessing = 0;
		};
/* End PBXSourcesBuildPhase section */

/* Begin PBXTargetDependency section */
		9536CB122BD6EF180023D726 /* PBXTargetDependency */ = {
			isa = PBXTargetDependency;
			target = 9536CAFF2BD6EF120023D726 /* MultiNav */;
			targetProxy = 9536CB112BD6EF180023D726 /* PBXContainerItemProxy */;
		};
		9536CB1C2BD6EF180023D726 /* PBXTargetDependency */ = {
			isa = PBXTargetDependency;
			target = 9536CAFF2BD6EF120023D726 /* MultiNav */;
			targetProxy = 9536CB1B2BD6EF180023D726 /* PBXContainerItemProxy */;
		};
/* End PBXTargetDependency section */

/* Begin XCBuildConfiguration section */
		9536CB222BD6EF180023D726 /* Debug */ = {
			isa = XCBuildConfiguration;
			buildSettings = {
				ALWAYS_SEARCH_USER_PATHS = NO;
				ASSETCATALOG_COMPILER_GENERATE_SWIFT_ASSET_SYMBOL_EXTENSIONS = YES;
				CLANG_ANALYZER_NONNULL = YES;
				CLANG_ANALYZER_NUMBER_OBJECT_CONVERSION = YES_AGGRESSIVE;
				CLANG_CXX_LANGUAGE_STANDARD = "gnu++20";
				CLANG_ENABLE_MODULES = YES;
				CLANG_ENABLE_OBJC_ARC = YES;
				CLANG_ENABLE_OBJC_WEAK = YES;
				CLANG_WARN_BLOCK_CAPTURE_AUTORELEASING = YES;
				CLANG_WARN_BOOL_CONVERSION = YES;
				CLANG_WARN_COMMA = YES;
				CLANG_WARN_CONSTANT_CONVERSION = YES;
				CLANG_WARN_DEPRECATED_OBJC_IMPLEMENTATIONS = YES;
				CLANG_WARN_DIRECT_OBJC_ISA_USAGE = YES_ERROR;
				CLANG_WARN_DOCUMENTATION_COMMENTS = YES;
				CLANG_WARN_EMPTY_BODY = YES;
				CLANG_WARN_ENUM_CONVERSION = YES;
				CLANG_WARN_INFINITE_RECURSION = YES;
				CLANG_WARN_INT_CONVERSION = YES;
				CLANG_WARN_NON_LITERAL_NULL_CONVERSION = YES;
				CLANG_WARN_OBJC_IMPLICIT_RETAIN_SELF = YES;
				CLANG_WARN_OBJC_LITERAL_CONVERSION = YES;
				CLANG_WARN_OBJC_ROOT_CLASS = YES_ERROR;
				CLANG_WARN_QUOTED_INCLUDE_IN_FRAMEWORK_HEADER = YES;
				CLANG_WARN_RANGE_LOOP_ANALYSIS = YES;
				CLANG_WARN_STRICT_PROTOTYPES = YES;
				CLANG_WARN_SUSPICIOUS_MOVE = YES;
				CLANG_WARN_UNGUARDED_AVAILABILITY = YES_AGGRESSIVE;
				CLANG_WARN_UNREACHABLE_CODE = YES;
				CLANG_WARN__DUPLICATE_METHOD_MATCH = YES;
				COPY_PHASE_STRIP = NO;
				DEBUG_INFORMATION_FORMAT = dwarf;
				ENABLE_STRICT_OBJC_MSGSEND = YES;
				ENABLE_TESTABILITY = YES;
				ENABLE_USER_SCRIPT_SANDBOXING = YES;
				GCC_C_LANGUAGE_STANDARD = gnu17;
				GCC_DYNAMIC_NO_PIC = NO;
				GCC_NO_COMMON_BLOCKS = YES;
				GCC_OPTIMIZATION_LEVEL = 0;
				GCC_PREPROCESSOR_DEFINITIONS = (
					"DEBUG=1",
					"$(inherited)",
				);
				GCC_WARN_64_TO_32_BIT_CONVERSION = YES;
				GCC_WARN_ABOUT_RETURN_TYPE = YES_ERROR;
				GCC_WARN_UNDECLARED_SELECTOR = YES;
				GCC_WARN_UNINITIALIZED_AUTOS = YES_AGGRESSIVE;
				GCC_WARN_UNUSED_FUNCTION = YES;
				GCC_WARN_UNUSED_VARIABLE = YES;
				IPHONEOS_DEPLOYMENT_TARGET = 17.4;
				LOCALIZATION_PREFERS_STRING_CATALOGS = YES;
				MTL_ENABLE_DEBUG_INFO = INCLUDE_SOURCE;
				MTL_FAST_MATH = YES;
				ONLY_ACTIVE_ARCH = YES;
				SDKROOT = iphoneos;
				SWIFT_ACTIVE_COMPILATION_CONDITIONS = "DEBUG $(inherited)";
				SWIFT_OPTIMIZATION_LEVEL = "-Onone";
			};
			name = Debug;
		};
		9536CB232BD6EF180023D726 /* Release */ = {
			isa = XCBuildConfiguration;
			buildSettings = {
				ALWAYS_SEARCH_USER_PATHS = NO;
				ASSETCATALOG_COMPILER_GENERATE_SWIFT_ASSET_SYMBOL_EXTENSIONS = YES;
				CLANG_ANALYZER_NONNULL = YES;
				CLANG_ANALYZER_NUMBER_OBJECT_CONVERSION = YES_AGGRESSIVE;
				CLANG_CXX_LANGUAGE_STANDARD = "gnu++20";
				CLANG_ENABLE_MODULES = YES;
				CLANG_ENABLE_OBJC_ARC = YES;
				CLANG_ENABLE_OBJC_WEAK = YES;
				CLANG_WARN_BLOCK_CAPTURE_AUTORELEASING = YES;
				CLANG_WARN_BOOL_CONVERSION = YES;
				CLANG_WARN_COMMA = YES;
				CLANG_WARN_CONSTANT_CONVERSION = YES;
				CLANG_WARN_DEPRECATED_OBJC_IMPLEMENTATIONS = YES;
				CLANG_WARN_DIRECT_OBJC_ISA_USAGE = YES_ERROR;
				CLANG_WARN_DOCUMENTATION_COMMENTS = YES;
				CLANG_WARN_EMPTY_BODY = YES;
				CLANG_WARN_ENUM_CONVERSION = YES;
				CLANG_WARN_INFINITE_RECURSION = YES;
				CLANG_WARN_INT_CONVERSION = YES;
				CLANG_WARN_NON_LITERAL_NULL_CONVERSION = YES;
				CLANG_WARN_OBJC_IMPLICIT_RETAIN_SELF = YES;
				CLANG_WARN_OBJC_LITERAL_CONVERSION = YES;
				CLANG_WARN_OBJC_ROOT_CLASS = YES_ERROR;
				CLANG_WARN_QUOTED_INCLUDE_IN_FRAMEWORK_HEADER = YES;
				CLANG_WARN_RANGE_LOOP_ANALYSIS = YES;
				CLANG_WARN_STRICT_PROTOTYPES = YES;
				CLANG_WARN_SUSPICIOUS_MOVE = YES;
				CLANG_WARN_UNGUARDED_AVAILABILITY = YES_AGGRESSIVE;
				CLANG_WARN_UNREACHABLE_CODE = YES;
				CLANG_WARN__DUPLICATE_METHOD_MATCH = YES;
				COPY_PHASE_STRIP = NO;
				DEBUG_INFORMATION_FORMAT = "dwarf-with-dsym";
				ENABLE_NS_ASSERTIONS = NO;
				ENABLE_STRICT_OBJC_MSGSEND = YES;
				ENABLE_USER_SCRIPT_SANDBOXING = YES;
				GCC_C_LANGUAGE_STANDARD = gnu17;
				GCC_NO_COMMON_BLOCKS = YES;
				GCC_WARN_64_TO_32_BIT_CONVERSION = YES;
				GCC_WARN_ABOUT_RETURN_TYPE = YES_ERROR;
				GCC_WARN_UNDECLARED_SELECTOR = YES;
				GCC_WARN_UNINITIALIZED_AUTOS = YES_AGGRESSIVE;
				GCC_WARN_UNUSED_FUNCTION = YES;
				GCC_WARN_UNUSED_VARIABLE = YES;
				IPHONEOS_DEPLOYMENT_TARGET = 17.4;
				LOCALIZATION_PREFERS_STRING_CATALOGS = YES;
				MTL_ENABLE_DEBUG_INFO = NO;
				MTL_FAST_MATH = YES;
				SDKROOT = iphoneos;
				SWIFT_COMPILATION_MODE = wholemodule;
				VALIDATE_PRODUCT = YES;
			};
			name = Release;
		};
		9536CB252BD6EF180023D726 /* Debug */ = {
			isa = XCBuildConfiguration;
			buildSettings = {
				ASSETCATALOG_COMPILER_APPICON_NAME = AppIcon;
				ASSETCATALOG_COMPILER_GLOBAL_ACCENT_COLOR_NAME = AccentColor;
				CODE_SIGN_STYLE = Automatic;
				CURRENT_PROJECT_VERSION = 1;
				DEVELOPMENT_ASSET_PATHS = "\"MultiNav/Preview Content\"";
				DEVELOPMENT_TEAM = MB4ZF7K9AA;
				ENABLE_PREVIEWS = YES;
				GENERATE_INFOPLIST_FILE = YES;
				INFOPLIST_KEY_UIApplicationSceneManifest_Generation = YES;
				INFOPLIST_KEY_UIApplicationSupportsIndirectInputEvents = YES;
				INFOPLIST_KEY_UILaunchScreen_Generation = YES;
				INFOPLIST_KEY_UISupportedInterfaceOrientations_iPad = "UIInterfaceOrientationPortrait UIInterfaceOrientationPortraitUpsideDown UIInterfaceOrientationLandscapeLeft UIInterfaceOrientationLandscapeRight";
				INFOPLIST_KEY_UISupportedInterfaceOrientations_iPhone = "UIInterfaceOrientationPortrait UIInterfaceOrientationLandscapeLeft UIInterfaceOrientationLandscapeRight";
				LD_RUNPATH_SEARCH_PATHS = (
					"$(inherited)",
					"@executable_path/Frameworks",
				);
				MARKETING_VERSION = 1.0;
				PRODUCT_BUNDLE_IDENTIFIER = com.apexmonkeyboy.MultiNav;
				PRODUCT_NAME = "$(TARGET_NAME)";
				SWIFT_EMIT_LOC_STRINGS = YES;
				SWIFT_VERSION = 5.0;
				TARGETED_DEVICE_FAMILY = "1,2";
			};
			name = Debug;
		};
		9536CB262BD6EF180023D726 /* Release */ = {
			isa = XCBuildConfiguration;
			buildSettings = {
				ASSETCATALOG_COMPILER_APPICON_NAME = AppIcon;
				ASSETCATALOG_COMPILER_GLOBAL_ACCENT_COLOR_NAME = AccentColor;
				CODE_SIGN_STYLE = Automatic;
				CURRENT_PROJECT_VERSION = 1;
				DEVELOPMENT_ASSET_PATHS = "\"MultiNav/Preview Content\"";
				DEVELOPMENT_TEAM = MB4ZF7K9AA;
				ENABLE_PREVIEWS = YES;
				GENERATE_INFOPLIST_FILE = YES;
				INFOPLIST_KEY_UIApplicationSceneManifest_Generation = YES;
				INFOPLIST_KEY_UIApplicationSupportsIndirectInputEvents = YES;
				INFOPLIST_KEY_UILaunchScreen_Generation = YES;
				INFOPLIST_KEY_UISupportedInterfaceOrientations_iPad = "UIInterfaceOrientationPortrait UIInterfaceOrientationPortraitUpsideDown UIInterfaceOrientationLandscapeLeft UIInterfaceOrientationLandscapeRight";
				INFOPLIST_KEY_UISupportedInterfaceOrientations_iPhone = "UIInterfaceOrientationPortrait UIInterfaceOrientationLandscapeLeft UIInterfaceOrientationLandscapeRight";
				LD_RUNPATH_SEARCH_PATHS = (
					"$(inherited)",
					"@executable_path/Frameworks",
				);
				MARKETING_VERSION = 1.0;
				PRODUCT_BUNDLE_IDENTIFIER = com.apexmonkeyboy.MultiNav;
				PRODUCT_NAME = "$(TARGET_NAME)";
				SWIFT_EMIT_LOC_STRINGS = YES;
				SWIFT_VERSION = 5.0;
				TARGETED_DEVICE_FAMILY = "1,2";
			};
			name = Release;
		};
		9536CB282BD6EF180023D726 /* Debug */ = {
			isa = XCBuildConfiguration;
			buildSettings = {
				ALWAYS_EMBED_SWIFT_STANDARD_LIBRARIES = YES;
				BUNDLE_LOADER = "$(TEST_HOST)";
				CODE_SIGN_STYLE = Automatic;
				CURRENT_PROJECT_VERSION = 1;
				DEVELOPMENT_TEAM = 7J5JK78Z95;
				GENERATE_INFOPLIST_FILE = YES;
				IPHONEOS_DEPLOYMENT_TARGET = 17.4;
				MARKETING_VERSION = 1.0;
				PRODUCT_BUNDLE_IDENTIFIER = com.apexmonkeyboy.MultiNavTests;
				PRODUCT_NAME = "$(TARGET_NAME)";
				SWIFT_EMIT_LOC_STRINGS = NO;
				SWIFT_VERSION = 5.0;
				TARGETED_DEVICE_FAMILY = "1,2";
				TEST_HOST = "$(BUILT_PRODUCTS_DIR)/MultiNav.app/$(BUNDLE_EXECUTABLE_FOLDER_PATH)/MultiNav";
			};
			name = Debug;
		};
		9536CB292BD6EF180023D726 /* Release */ = {
			isa = XCBuildConfiguration;
			buildSettings = {
				ALWAYS_EMBED_SWIFT_STANDARD_LIBRARIES = YES;
				BUNDLE_LOADER = "$(TEST_HOST)";
				CODE_SIGN_STYLE = Automatic;
				CURRENT_PROJECT_VERSION = 1;
				DEVELOPMENT_TEAM = 7J5JK78Z95;
				GENERATE_INFOPLIST_FILE = YES;
				IPHONEOS_DEPLOYMENT_TARGET = 17.4;
				MARKETING_VERSION = 1.0;
				PRODUCT_BUNDLE_IDENTIFIER = com.apexmonkeyboy.MultiNavTests;
				PRODUCT_NAME = "$(TARGET_NAME)";
				SWIFT_EMIT_LOC_STRINGS = NO;
				SWIFT_VERSION = 5.0;
				TARGETED_DEVICE_FAMILY = "1,2";
				TEST_HOST = "$(BUILT_PRODUCTS_DIR)/MultiNav.app/$(BUNDLE_EXECUTABLE_FOLDER_PATH)/MultiNav";
			};
			name = Release;
		};
		9536CB2B2BD6EF180023D726 /* Debug */ = {
			isa = XCBuildConfiguration;
			buildSettings = {
				ALWAYS_EMBED_SWIFT_STANDARD_LIBRARIES = YES;
				CODE_SIGN_STYLE = Automatic;
				CURRENT_PROJECT_VERSION = 1;
				DEVELOPMENT_TEAM = 7J5JK78Z95;
				GENERATE_INFOPLIST_FILE = YES;
				MARKETING_VERSION = 1.0;
				PRODUCT_BUNDLE_IDENTIFIER = com.apexmonkeyboy.MultiNavUITests;
				PRODUCT_NAME = "$(TARGET_NAME)";
				SWIFT_EMIT_LOC_STRINGS = NO;
				SWIFT_VERSION = 5.0;
				TARGETED_DEVICE_FAMILY = "1,2";
				TEST_TARGET_NAME = MultiNav;
			};
			name = Debug;
		};
		9536CB2C2BD6EF180023D726 /* Release */ = {
			isa = XCBuildConfiguration;
			buildSettings = {
				ALWAYS_EMBED_SWIFT_STANDARD_LIBRARIES = YES;
				CODE_SIGN_STYLE = Automatic;
				CURRENT_PROJECT_VERSION = 1;
				DEVELOPMENT_TEAM = 7J5JK78Z95;
				GENERATE_INFOPLIST_FILE = YES;
				MARKETING_VERSION = 1.0;
				PRODUCT_BUNDLE_IDENTIFIER = com.apexmonkeyboy.MultiNavUITests;
				PRODUCT_NAME = "$(TARGET_NAME)";
				SWIFT_EMIT_LOC_STRINGS = NO;
				SWIFT_VERSION = 5.0;
				TARGETED_DEVICE_FAMILY = "1,2";
				TEST_TARGET_NAME = MultiNav;
			};
			name = Release;
		};
/* End XCBuildConfiguration section */

/* Begin XCConfigurationList section */
		9536CAFB2BD6EF120023D726 /* Build configuration list for PBXProject "MultiNav" */ = {
			isa = XCConfigurationList;
			buildConfigurations = (
				9536CB222BD6EF180023D726 /* Debug */,
				9536CB232BD6EF180023D726 /* Release */,
			);
			defaultConfigurationIsVisible = 0;
			defaultConfigurationName = Release;
		};
		9536CB242BD6EF180023D726 /* Build configuration list for PBXNativeTarget "MultiNav" */ = {
			isa = XCConfigurationList;
			buildConfigurations = (
				9536CB252BD6EF180023D726 /* Debug */,
				9536CB262BD6EF180023D726 /* Release */,
			);
			defaultConfigurationIsVisible = 0;
			defaultConfigurationName = Release;
		};
		9536CB272BD6EF180023D726 /* Build configuration list for PBXNativeTarget "MultiNavTests" */ = {
			isa = XCConfigurationList;
			buildConfigurations = (
				9536CB282BD6EF180023D726 /* Debug */,
				9536CB292BD6EF180023D726 /* Release */,
			);
			defaultConfigurationIsVisible = 0;
			defaultConfigurationName = Release;
		};
		9536CB2A2BD6EF180023D726 /* Build configuration list for PBXNativeTarget "MultiNavUITests" */ = {
			isa = XCConfigurationList;
			buildConfigurations = (
				9536CB2B2BD6EF180023D726 /* Debug */,
				9536CB2C2BD6EF180023D726 /* Release */,
			);
			defaultConfigurationIsVisible = 0;
			defaultConfigurationName = Release;
		};
/* End XCConfigurationList section */
	};
	rootObject = 9536CAF82BD6EF120023D726 /* Project object */;
}
